
Microsoft Visual Studio Solution File, Format Version 12.00
# Visual Studio Version 16
VisualStudioVersion = 16.0.30523.141
MinimumVisualStudioVersion = 10.0.40219.1
Project("{9A19103F-16F7-4668-BE54-9A1E7A4F7556}") = "MSharp.Build", "MSharp.Build.csproj", "{9E6784DF-1A1C-4E77-95EE-B2666D62056C}"
EndProject
Global
	GlobalSection(SolutionConfigurationPlatforms) = preSolution
		Debug|Any CPU = Debug|Any CPU
		Release|Any CPU = Release|Any CPU
	EndGlobalSection
	GlobalSection(ProjectConfigurationPlatforms) = postSolution
		{9E6784DF-1A1C-4E77-95EE-B2666D62056C}.Debug|Any CPU.ActiveCfg = Debug|Any CPU
		{9E6784DF-1A1C-4E77-95EE-B2666D62056C}.Debug|Any CPU.Build.0 = Debug|Any CPU
		{9E6784DF-1A1C-4E77-95EE-B2666D62056C}.Release|Any CPU.ActiveCfg = Release|Any CPU
		{9E6784DF-1A1C-4E77-95EE-B2666D62056C}.Release|Any CPU.Build.0 = Release|Any CPU
	EndGlobalSection
	GlobalSection(SolutionProperties) = preSolution
		HideSolutionNode = FALSE
	EndGlobalSection
	GlobalSection(ExtensibilityGlobals) = postSolution
		SolutionGuid = {F79112C1-EDAB-4B77-B185-5194C3B9C8EB}
	EndGlobalSection
EndGlobal
